
Microsoft Visual Studio Solution File, Format Version 12.00
# Visual Studio Express 2012 for Web
Project("{FAE04EC0-301F-11D3-BF4B-00C04F79EFBC}") = "1140conjQuery", "1140conjQuery\1140conjQuery.csproj", "{E009B8D4-A4F5-4C38-BF34-0CDA40C9043E}"
EndProject
Global
	GlobalSection(SolutionConfigurationPlatforms) = preSolution
		Debug|Any CPU = Debug|Any CPU
		Release|Any CPU = Release|Any CPU
	EndGlobalSection
	GlobalSection(ProjectConfigurationPlatforms) = postSolution
		{E009B8D4-A4F5-4C38-BF34-0CDA40C9043E}.Debug|Any CPU.ActiveCfg = Debug|Any CPU
		{E009B8D4-A4F5-4C38-BF34-0CDA40C9043E}.Debug|Any CPU.Build.0 = Debug|Any CPU
		{E009B8D4-A4F5-4C38-BF34-0CDA40C9043E}.Release|Any CPU.ActiveCfg = Release|Any CPU
		{E009B8D4-A4F5-4C38-BF34-0CDA40C9043E}.Release|Any CPU.Build.0 = Release|Any CPU
	EndGlobalSection
	GlobalSection(SolutionProperties) = preSolution
		HideSolutionNode = FALSE
	EndGlobalSection
EndGlobal
